
Microsoft Visual Studio Solution File, Format Version 12.00
# Visual Studio Version 17
VisualStudioVersion = 17.8.34322.80
MinimumVisualStudioVersion = 10.0.40219.1
Project("{FAE04EC0-301F-11D3-BF4B-00C04F79EFBC}") = "AirportMS", "AirportMS.csproj", "{48015348-DD21-49D3-8CB3-C8EDAB329908}"
EndProject
Global
	GlobalSection(SolutionConfigurationPlatforms) = preSolution
		Debug|Any CPU = Debug|Any CPU
		Release|Any CPU = Release|Any CPU
	EndGlobalSection
	GlobalSection(ProjectConfigurationPlatforms) = postSolution
		{48015348-DD21-49D3-8CB3-C8EDAB329908}.Debug|Any CPU.ActiveCfg = Debug|Any CPU
		{48015348-DD21-49D3-8CB3-C8EDAB329908}.Debug|Any CPU.Build.0 = Debug|Any CPU
		{48015348-DD21-49D3-8CB3-C8EDAB329908}.Release|Any CPU.ActiveCfg = Release|Any CPU
		{48015348-DD21-49D3-8CB3-C8EDAB329908}.Release|Any CPU.Build.0 = Release|Any CPU
	EndGlobalSection
	GlobalSection(SolutionProperties) = preSolution
		HideSolutionNode = FALSE
	EndGlobalSection
	GlobalSection(ExtensibilityGlobals) = postSolution
		SolutionGuid = {F9DD5E21-278B-4386-88A7-0ACF2895E1B6}
	EndGlobalSection
EndGlobal
